{
  "object": {
    "pins": [
      {
        "package": "Arguments",
        "repositoryURL": "https://github.com/elegantchaos/Arguments",
        "state": {
          "branch": null,
          "revision": "24b9705bc094292dfd3f936b6a734aac99cb8fbe",
          "version": "1.0.1"
        }
      },
      {
        "package": "Builder",
        "repositoryURL": "https://github.com/elegantchaos/Builder.git",
        "state": {
          "branch": null,
          "revision": "aee8754e7f5f5183197c70026543a7ba80d1d612",
          "version": "1.0.6"
        }
      },
      {
        "package": "BuilderConfiguration",
        "repositoryURL": "https://github.com/elegantchaos/BuilderConfiguration.git",
        "state": {
          "branch": null,
          "revision": "560f557d88437a724b9d548cf57d11e066d0d08b",
          "version": "1.1.3"
        }
      },
      {
        "package": "Docopt",
        "repositoryURL": "https://github.com/elegantchaos/docopt.swift",
        "state": {
          "branch": null,
          "revision": "66f9a7d64e6542427a1e4eed3d8ad5ace262cf11",
          "version": "0.6.8"
        }
      },
      {
        "package": "Logger",
        "repositoryURL": "https://github.com/elegantchaos/Logger",
        "state": {
          "branch": null,
          "revision": "1b0851311c0546e3c0272514508359317b812a8d",
          "version": "1.0.8"
        }
      }
    ]
  },
  "version": 1
}
