{
  "object": {
    "pins": [
      {
        "package": "Arguments",
        "repositoryURL": "https://github.com/elegantchaos/Arguments",
        "state": {
          "branch": null,
          "revision": "29a240fb5c5bcd0eb56feb527dfb3cab7076290c",
          "version": "1.0.4"
        }
      },
      {
        "package": "Builder",
        "repositoryURL": "https://github.com/elegantchaos/Builder.git",
        "state": {
          "branch": null,
          "revision": "376494ed8eba80146cefe3fe4dc5556bd68cb4dc",
          "version": "1.0.10"
        }
      },
      {
        "package": "BuilderConfiguration",
        "repositoryURL": "https://github.com/elegantchaos/BuilderConfiguration.git",
        "state": {
          "branch": null,
          "revision": "560f557d88437a724b9d548cf57d11e066d0d08b",
          "version": "1.1.3"
        }
      },
      {
        "package": "Docopt",
        "repositoryURL": "https://github.com/elegantchaos/docopt.swift",
        "state": {
          "branch": null,
          "revision": "66f9a7d64e6542427a1e4eed3d8ad5ace262cf11",
          "version": "0.6.8"
        }
      },
      {
        "package": "Logger",
        "repositoryURL": "https://github.com/elegantchaos/Logger",
        "state": {
          "branch": null,
          "revision": "2cc9e50d5725ebe9beed158f9b603cfffbaf67c3",
          "version": "1.0.11"
        }
      },
      {
        "package": "Runner",
        "repositoryURL": "https://github.com/elegantchaos/Runner",
        "state": {
          "branch": null,
          "revision": "1a257b260150b7a7a9771f636a6a373682ad54e5",
          "version": "1.0.1"
        }
      }
    ]
  },
  "version": 1
}
