{
  "object": {
    "pins": [
      {
        "package": "Builder",
        "repositoryURL": "https://github.com/elegantchaos/Builder.git",
        "state": {
          "branch": null,
          "revision": "58b7446a08fc84661f9beb8b12fcf5ddf2f1395c",
          "version": "1.2.0"
        }
      },
      {
        "package": "BuilderConfiguration",
        "repositoryURL": "https://github.com/elegantchaos/BuilderConfiguration.git",
        "state": {
          "branch": null,
          "revision": "560f557d88437a724b9d548cf57d11e066d0d08b",
          "version": "1.1.3"
        }
      },
      {
        "package": "CommandShell",
        "repositoryURL": "https://github.com/elegantchaos/CommandShell",
        "state": {
          "branch": null,
          "revision": "c2f8a03fb6f51a395d806170cc64db2ddc45a97c",
          "version": "2.1.1"
        }
      },
      {
        "package": "Files",
        "repositoryURL": "https://github.com/elegantchaos/Files.git",
        "state": {
          "branch": null,
          "revision": "0fc27ae20624324f3a44733412fad9649d588fed",
          "version": "1.1.3"
        }
      },
      {
        "package": "Logger",
        "repositoryURL": "https://github.com/elegantchaos/Logger.git",
        "state": {
          "branch": null,
          "revision": "cd67757f696ce6c8353d874d867a49b8e2306e2f",
          "version": "1.5.3"
        }
      },
      {
        "package": "Runner",
        "repositoryURL": "https://github.com/elegantchaos/Runner.git",
        "state": {
          "branch": null,
          "revision": "db79e08a53d822156221dc2614970b9dfe1301f5",
          "version": "1.3.0"
        }
      },
      {
        "package": "SemanticVersion",
        "repositoryURL": "https://github.com/elegantchaos/SemanticVersion.git",
        "state": {
          "branch": null,
          "revision": "fe174904ce8a070a3ca52e8b7e25193f3a004d66",
          "version": "1.0.3"
        }
      },
      {
        "package": "swift-argument-parser",
        "repositoryURL": "https://github.com/apple/swift-argument-parser",
        "state": {
          "branch": null,
          "revision": "8d31a0905c346a45c87773ad50862b5b3df8dff6",
          "version": "0.0.4"
        }
      },
      {
        "package": "XCTestExtensions",
        "repositoryURL": "https://github.com/elegantchaos/XCTestExtensions.git",
        "state": {
          "branch": null,
          "revision": "15991478b5c9bda527a0a59567ad0fa26940f74c",
          "version": "1.1.2"
        }
      },
      {
        "package": "XPkgPackage",
        "repositoryURL": "https://github.com/elegantchaos/XPkgPackage.git",
        "state": {
          "branch": null,
          "revision": "2b3b037efca0eb5f302ddb9d9d6d5af7ce6e7b6e",
          "version": "1.0.8"
        }
      }
    ]
  },
  "version": 1
}
