{
  "object": {
    "pins": [
      {
        "package": "Builder",
        "repositoryURL": "https://github.com/elegantchaos/Builder.git",
        "state": {
          "branch": null,
          "revision": "58b7446a08fc84661f9beb8b12fcf5ddf2f1395c",
          "version": "1.2.0"
        }
      },
      {
        "package": "BuilderConfiguration",
        "repositoryURL": "https://github.com/elegantchaos/BuilderConfiguration.git",
        "state": {
          "branch": null,
          "revision": "bf3ab85857d022ef38aec98188f2e01738bd606f",
          "version": "1.1.4"
        }
      },
      {
        "package": "CommandShell",
        "repositoryURL": "https://github.com/elegantchaos/CommandShell",
        "state": {
          "branch": null,
          "revision": "c2f8a03fb6f51a395d806170cc64db2ddc45a97c",
          "version": "2.1.1"
        }
      },
      {
        "package": "Logger",
        "repositoryURL": "https://github.com/elegantchaos/Logger.git",
        "state": {
          "branch": null,
          "revision": "cd67757f696ce6c8353d874d867a49b8e2306e2f",
          "version": "1.5.3"
        }
      },
      {
        "package": "Runner",
        "repositoryURL": "https://github.com/elegantchaos/Runner.git",
        "state": {
          "branch": null,
          "revision": "875aa72a965fb1b7ebb6cf1e606e8011a5f44cd1",
          "version": "1.1.0"
        }
      },
      {
        "package": "SemanticVersion",
        "repositoryURL": "https://github.com/elegantchaos/SemanticVersion.git",
        "state": {
          "branch": null,
          "revision": "fe174904ce8a070a3ca52e8b7e25193f3a004d66",
          "version": "1.0.3"
        }
      },
      {
        "package": "swift-argument-parser",
        "repositoryURL": "https://github.com/apple/swift-argument-parser",
        "state": {
          "branch": null,
          "revision": "8d31a0905c346a45c87773ad50862b5b3df8dff6",
          "version": "0.0.4"
        }
      },
      {
        "package": "XCTestExtensions",
        "repositoryURL": "https://github.com/elegantchaos/XCTestExtensions.git",
        "state": {
          "branch": null,
          "revision": "5a6c9b3d5889d48d647f2a165c9bba8b966d3a22",
          "version": "1.1.1"
        }
      },
      {
        "package": "XPkgPackage",
        "repositoryURL": "https://github.com/elegantchaos/XPkgPackage.git",
        "state": {
          "branch": null,
          "revision": "2b3b037efca0eb5f302ddb9d9d6d5af7ce6e7b6e",
          "version": "1.0.8"
        }
      }
    ]
  },
  "version": 1
}
