{
  "object": {
    "pins": [
      {
        "package": "Logger",
        "repositoryURL": "https://github.com/elegantchaos/Logger.git",
        "state": {
          "branch": null,
          "revision": "c101ca48876adabeb25848f5fe0efba748c24d73",
          "version": "1.3.7"
        }
      },
      {
        "package": "Runner",
        "repositoryURL": "https://github.com/elegantchaos/Runner.git",
        "state": {
          "branch": null,
          "revision": "292c94f8613ddd72d45f3bb1f503dceec3b83e44",
          "version": "1.0.3"
        }
      },
      {
        "package": "XPkgPackage",
        "repositoryURL": "https://github.com/elegantchaos/XPkgPackage",
        "state": {
          "branch": null,
          "revision": "cad1f898e01e53c000cad54c843a2be79ae5a5bf",
          "version": "1.0.6"
        }
      }
    ]
  },
  "version": 1
}
