// !$*UTF8*$!
{
   archiveVersion = "1";
   objectVersion = "46";
   objects = {
      "Arguments::Arguments" = {
         isa = "PBXNativeTarget";
         buildConfigurationList = "OBJ_88";
         buildPhases = (
            "OBJ_91",
            "OBJ_93"
         );
         dependencies = (
            "OBJ_96",
            "OBJ_98"
         );
         name = "Arguments";
         productName = "Arguments";
         productReference = "Arguments::Arguments::Product";
         productType = "com.apple.product-type.framework";
      };
      "Arguments::Arguments::Product" = {
         isa = "PBXFileReference";
         path = "Arguments.framework";
         sourceTree = "BUILT_PRODUCTS_DIR";
      };
      "Arguments::SwiftPMPackageDescription" = {
         isa = "PBXNativeTarget";
         buildConfigurationList = "OBJ_101";
         buildPhases = (
            "OBJ_104"
         );
         dependencies = (
         );
         name = "ArgumentsPackageDescription";
         productName = "ArgumentsPackageDescription";
         productType = "com.apple.product-type.framework";
      };
      "BuilderConfiguration::BuilderConfiguration" = {
         isa = "PBXNativeTarget";
         buildConfigurationList = "OBJ_107";
         buildPhases = (
            "OBJ_110",
            "OBJ_114"
         );
         dependencies = (
         );
         name = "BuilderConfiguration";
         productName = "BuilderConfiguration";
         productReference = "BuilderConfiguration::BuilderConfiguration::Product";
         productType = "com.apple.product-type.framework";
      };
      "BuilderConfiguration::BuilderConfiguration::Product" = {
         isa = "PBXFileReference";
         path = "BuilderConfiguration.framework";
         sourceTree = "BUILT_PRODUCTS_DIR";
      };
      "BuilderConfiguration::SwiftPMPackageDescription" = {
         isa = "PBXNativeTarget";
         buildConfigurationList = "OBJ_116";
         buildPhases = (
            "OBJ_119"
         );
         dependencies = (
         );
         name = "BuilderConfigurationPackageDescription";
         productName = "BuilderConfigurationPackageDescription";
         productType = "com.apple.product-type.framework";
      };
      "Docopt::Docopt" = {
         isa = "PBXNativeTarget";
         buildConfigurationList = "OBJ_130";
         buildPhases = (
            "OBJ_133",
            "OBJ_149"
         );
         dependencies = (
         );
         name = "Docopt";
         productName = "Docopt";
         productReference = "Docopt::Docopt::Product";
         productType = "com.apple.product-type.framework";
      };
      "Docopt::Docopt::Product" = {
         isa = "PBXFileReference";
         path = "Docopt.framework";
         sourceTree = "BUILT_PRODUCTS_DIR";
      };
      "Docopt::SwiftPMPackageDescription" = {
         isa = "PBXNativeTarget";
         buildConfigurationList = "OBJ_151";
         buildPhases = (
            "OBJ_154"
         );
         dependencies = (
         );
         name = "DocoptPackageDescription";
         productName = "DocoptPackageDescription";
         productType = "com.apple.product-type.framework";
      };
      "Logger::Logger" = {
         isa = "PBXNativeTarget";
         buildConfigurationList = "OBJ_156";
         buildPhases = (
            "OBJ_159",
            "OBJ_167"
         );
         dependencies = (
         );
         name = "Logger";
         productName = "Logger";
         productReference = "Logger::Logger::Product";
         productType = "com.apple.product-type.framework";
      };
      "Logger::Logger::Product" = {
         isa = "PBXFileReference";
         path = "Logger.framework";
         sourceTree = "BUILT_PRODUCTS_DIR";
      };
      "Logger::SwiftPMPackageDescription" = {
         isa = "PBXNativeTarget";
         buildConfigurationList = "OBJ_169";
         buildPhases = (
            "OBJ_172"
         );
         dependencies = (
         );
         name = "LoggerPackageDescription";
         productName = "LoggerPackageDescription";
         productType = "com.apple.product-type.framework";
      };
      "OBJ_1" = {
         isa = "PBXProject";
         attributes = {
            LastUpgradeCheck = "9999";
         };
         buildConfigurationList = "OBJ_2";
         compatibilityVersion = "Xcode 3.2";
         developmentRegion = "English";
         hasScannedForEncodings = "0";
         knownRegions = (
            "en"
         );
         mainGroup = "OBJ_5";
         productRefGroup = "OBJ_77";
         projectDirPath = ".";
         targets = (
            "Arguments::Arguments",
            "Arguments::SwiftPMPackageDescription",
            "BuilderConfiguration::BuilderConfiguration",
            "BuilderConfiguration::SwiftPMPackageDescription",
            "XPkg::Configure",
            "Docopt::Docopt",
            "Docopt::SwiftPMPackageDescription",
            "Logger::Logger",
            "Logger::SwiftPMPackageDescription",
            "Runner::Runner",
            "Runner::SwiftPMPackageDescription",
            "XPkg::XPkg",
            "XPkg::XPkgCommand",
            "XPkg::SwiftPMPackageDescription",
            "XPkg::XPkgPackageTests::ProductTarget",
            "XPkg::XPkgTests",
            "XPkg::xpkg::ProductTarget"
         );
      };
      "OBJ_10" = {
         isa = "PBXGroup";
         children = (
            "OBJ_11",
            "OBJ_12",
            "OBJ_13",
            "OBJ_14",
            "OBJ_15",
            "OBJ_16",
            "OBJ_17",
            "OBJ_18",
            "OBJ_19",
            "OBJ_20",
            "OBJ_21",
            "OBJ_22",
            "OBJ_23",
            "OBJ_24",
            "OBJ_25"
         );
         name = "XPkg";
         path = "Sources/XPkg";
         sourceTree = "SOURCE_ROOT";
      };
      "OBJ_101" = {
         isa = "XCConfigurationList";
         buildConfigurations = (
            "OBJ_102",
            "OBJ_103"
         );
         defaultConfigurationIsVisible = "0";
         defaultConfigurationName = "Release";
      };
      "OBJ_102" = {
         isa = "XCBuildConfiguration";
         buildSettings = {
            LD = "/usr/bin/true";
            OTHER_SWIFT_FLAGS = (
               "-swift-version",
               "4.2",
               "-I",
               "$(TOOLCHAIN_DIR)/usr/lib/swift/pm/4_2",
               "-target",
               "x86_64-apple-macosx10.10",
               "-sdk",
               "/Applications/Xcode10.app/Contents/Developer/Platforms/MacOSX.platform/Developer/SDKs/MacOSX10.14.sdk"
            );
            SWIFT_VERSION = "4.2";
         };
         name = "Debug";
      };
      "OBJ_103" = {
         isa = "XCBuildConfiguration";
         buildSettings = {
            LD = "/usr/bin/true";
            OTHER_SWIFT_FLAGS = (
               "-swift-version",
               "4.2",
               "-I",
               "$(TOOLCHAIN_DIR)/usr/lib/swift/pm/4_2",
               "-target",
               "x86_64-apple-macosx10.10",
               "-sdk",
               "/Applications/Xcode10.app/Contents/Developer/Platforms/MacOSX.platform/Developer/SDKs/MacOSX10.14.sdk"
            );
            SWIFT_VERSION = "4.2";
         };
         name = "Release";
      };
      "OBJ_104" = {
         isa = "PBXSourcesBuildPhase";
         files = (
            "OBJ_105"
         );
      };
      "OBJ_105" = {
         isa = "PBXBuildFile";
         fileRef = "OBJ_41";
      };
      "OBJ_107" = {
         isa = "XCConfigurationList";
         buildConfigurations = (
            "OBJ_108",
            "OBJ_109"
         );
         defaultConfigurationIsVisible = "0";
         defaultConfigurationName = "Release";
      };
      "OBJ_108" = {
         isa = "XCBuildConfiguration";
         buildSettings = {
            ENABLE_TESTABILITY = "YES";
            FRAMEWORK_SEARCH_PATHS = (
               "$(inherited)",
               "$(PLATFORM_DIR)/Developer/Library/Frameworks"
            );
            HEADER_SEARCH_PATHS = (
               "$(inherited)"
            );
            INFOPLIST_FILE = "XPkg.xcodeproj/BuilderConfiguration_Info.plist";
            LD_RUNPATH_SEARCH_PATHS = (
               "$(inherited)",
               "$(TOOLCHAIN_DIR)/usr/lib/swift/macosx"
            );
            OTHER_CFLAGS = (
               "$(inherited)"
            );
            OTHER_LDFLAGS = (
               "$(inherited)"
            );
            OTHER_SWIFT_FLAGS = (
               "$(inherited)"
            );
            PRODUCT_BUNDLE_IDENTIFIER = "BuilderConfiguration";
            PRODUCT_MODULE_NAME = "$(TARGET_NAME:c99extidentifier)";
            PRODUCT_NAME = "$(TARGET_NAME:c99extidentifier)";
            SKIP_INSTALL = "YES";
            SWIFT_ACTIVE_COMPILATION_CONDITIONS = (
               "$(inherited)"
            );
            SWIFT_VERSION = "4.2";
            TARGET_NAME = "BuilderConfiguration";
         };
         name = "Debug";
      };
      "OBJ_109" = {
         isa = "XCBuildConfiguration";
         buildSettings = {
            ENABLE_TESTABILITY = "YES";
            FRAMEWORK_SEARCH_PATHS = (
               "$(inherited)",
               "$(PLATFORM_DIR)/Developer/Library/Frameworks"
            );
            HEADER_SEARCH_PATHS = (
               "$(inherited)"
            );
            INFOPLIST_FILE = "XPkg.xcodeproj/BuilderConfiguration_Info.plist";
            LD_RUNPATH_SEARCH_PATHS = (
               "$(inherited)",
               "$(TOOLCHAIN_DIR)/usr/lib/swift/macosx"
            );
            OTHER_CFLAGS = (
               "$(inherited)"
            );
            OTHER_LDFLAGS = (
               "$(inherited)"
            );
            OTHER_SWIFT_FLAGS = (
               "$(inherited)"
            );
            PRODUCT_BUNDLE_IDENTIFIER = "BuilderConfiguration";
            PRODUCT_MODULE_NAME = "$(TARGET_NAME:c99extidentifier)";
            PRODUCT_NAME = "$(TARGET_NAME:c99extidentifier)";
            SKIP_INSTALL = "YES";
            SWIFT_ACTIVE_COMPILATION_CONDITIONS = (
               "$(inherited)"
            );
            SWIFT_VERSION = "4.2";
            TARGET_NAME = "BuilderConfiguration";
         };
         name = "Release";
      };
      "OBJ_11" = {
         isa = "PBXFileReference";
         path = "CheckCommand.swift";
         sourceTree = "<group>";
      };
      "OBJ_110" = {
         isa = "PBXSourcesBuildPhase";
         files = (
            "OBJ_111",
            "OBJ_112",
            "OBJ_113"
         );
      };
      "OBJ_111" = {
         isa = "PBXBuildFile";
         fileRef = "OBJ_44";
      };
      "OBJ_112" = {
         isa = "PBXBuildFile";
         fileRef = "OBJ_45";
      };
      "OBJ_113" = {
         isa = "PBXBuildFile";
         fileRef = "OBJ_46";
      };
      "OBJ_114" = {
         isa = "PBXFrameworksBuildPhase";
         files = (
         );
      };
      "OBJ_116" = {
         isa = "XCConfigurationList";
         buildConfigurations = (
            "OBJ_117",
            "OBJ_118"
         );
         defaultConfigurationIsVisible = "0";
         defaultConfigurationName = "Release";
      };
      "OBJ_117" = {
         isa = "XCBuildConfiguration";
         buildSettings = {
            LD = "/usr/bin/true";
            OTHER_SWIFT_FLAGS = (
               "-swift-version",
               "4.2",
               "-I",
               "$(TOOLCHAIN_DIR)/usr/lib/swift/pm/4_2",
               "-target",
               "x86_64-apple-macosx10.10",
               "-sdk",
               "/Applications/Xcode10.app/Contents/Developer/Platforms/MacOSX.platform/Developer/SDKs/MacOSX10.14.sdk"
            );
            SWIFT_VERSION = "4.2";
         };
         name = "Debug";
      };
      "OBJ_118" = {
         isa = "XCBuildConfiguration";
         buildSettings = {
            LD = "/usr/bin/true";
            OTHER_SWIFT_FLAGS = (
               "-swift-version",
               "4.2",
               "-I",
               "$(TOOLCHAIN_DIR)/usr/lib/swift/pm/4_2",
               "-target",
               "x86_64-apple-macosx10.10",
               "-sdk",
               "/Applications/Xcode10.app/Contents/Developer/Platforms/MacOSX.platform/Developer/SDKs/MacOSX10.14.sdk"
            );
            SWIFT_VERSION = "4.2";
         };
         name = "Release";
      };
      "OBJ_119" = {
         isa = "PBXSourcesBuildPhase";
         files = (
            "OBJ_120"
         );
      };
      "OBJ_12" = {
         isa = "PBXFileReference";
         path = "Command.swift";
         sourceTree = "<group>";
      };
      "OBJ_120" = {
         isa = "PBXBuildFile";
         fileRef = "OBJ_47";
      };
      "OBJ_122" = {
         isa = "XCConfigurationList";
         buildConfigurations = (
            "OBJ_123",
            "OBJ_124"
         );
         defaultConfigurationIsVisible = "0";
         defaultConfigurationName = "Release";
      };
      "OBJ_123" = {
         isa = "XCBuildConfiguration";
         buildSettings = {
            FRAMEWORK_SEARCH_PATHS = (
               "$(inherited)",
               "$(PLATFORM_DIR)/Developer/Library/Frameworks"
            );
            HEADER_SEARCH_PATHS = (
               "$(inherited)"
            );
            INFOPLIST_FILE = "XPkg.xcodeproj/Configure_Info.plist";
            LD_RUNPATH_SEARCH_PATHS = (
               "$(inherited)",
               "$(TOOLCHAIN_DIR)/usr/lib/swift/macosx",
               "@executable_path"
            );
            OTHER_CFLAGS = (
               "$(inherited)"
            );
            OTHER_LDFLAGS = (
               "$(inherited)"
            );
            OTHER_SWIFT_FLAGS = (
               "$(inherited)"
            );
            SWIFT_ACTIVE_COMPILATION_CONDITIONS = (
               "$(inherited)"
            );
            SWIFT_FORCE_DYNAMIC_LINK_STDLIB = "YES";
            SWIFT_FORCE_STATIC_LINK_STDLIB = "NO";
            SWIFT_VERSION = "4.2";
            TARGET_NAME = "Configure";
         };
         name = "Debug";
      };
      "OBJ_124" = {
         isa = "XCBuildConfiguration";
         buildSettings = {
            FRAMEWORK_SEARCH_PATHS = (
               "$(inherited)",
               "$(PLATFORM_DIR)/Developer/Library/Frameworks"
            );
            HEADER_SEARCH_PATHS = (
               "$(inherited)"
            );
            INFOPLIST_FILE = "XPkg.xcodeproj/Configure_Info.plist";
            LD_RUNPATH_SEARCH_PATHS = (
               "$(inherited)",
               "$(TOOLCHAIN_DIR)/usr/lib/swift/macosx",
               "@executable_path"
            );
            OTHER_CFLAGS = (
               "$(inherited)"
            );
            OTHER_LDFLAGS = (
               "$(inherited)"
            );
            OTHER_SWIFT_FLAGS = (
               "$(inherited)"
            );
            SWIFT_ACTIVE_COMPILATION_CONDITIONS = (
               "$(inherited)"
            );
            SWIFT_FORCE_DYNAMIC_LINK_STDLIB = "YES";
            SWIFT_FORCE_STATIC_LINK_STDLIB = "NO";
            SWIFT_VERSION = "4.2";
            TARGET_NAME = "Configure";
         };
         name = "Release";
      };
      "OBJ_125" = {
         isa = "PBXSourcesBuildPhase";
         files = (
            "OBJ_126"
         );
      };
      "OBJ_126" = {
         isa = "PBXBuildFile";
         fileRef = "OBJ_9";
      };
      "OBJ_127" = {
         isa = "PBXFrameworksBuildPhase";
         files = (
            "OBJ_128"
         );
      };
      "OBJ_128" = {
         isa = "PBXBuildFile";
         fileRef = "BuilderConfiguration::BuilderConfiguration::Product";
      };
      "OBJ_129" = {
         isa = "PBXTargetDependency";
         target = "BuilderConfiguration::BuilderConfiguration";
      };
      "OBJ_13" = {
         isa = "PBXFileReference";
         path = "FileExtensions.swift";
         sourceTree = "<group>";
      };
      "OBJ_130" = {
         isa = "XCConfigurationList";
         buildConfigurations = (
            "OBJ_131",
            "OBJ_132"
         );
         defaultConfigurationIsVisible = "0";
         defaultConfigurationName = "Release";
      };
      "OBJ_131" = {
         isa = "XCBuildConfiguration";
         buildSettings = {
            ENABLE_TESTABILITY = "YES";
            FRAMEWORK_SEARCH_PATHS = (
               "$(inherited)",
               "$(PLATFORM_DIR)/Developer/Library/Frameworks"
            );
            HEADER_SEARCH_PATHS = (
               "$(inherited)"
            );
            INFOPLIST_FILE = "XPkg.xcodeproj/Docopt_Info.plist";
            LD_RUNPATH_SEARCH_PATHS = (
               "$(inherited)",
               "$(TOOLCHAIN_DIR)/usr/lib/swift/macosx"
            );
            OTHER_CFLAGS = (
               "$(inherited)"
            );
            OTHER_LDFLAGS = (
               "$(inherited)"
            );
            OTHER_SWIFT_FLAGS = (
               "$(inherited)"
            );
            PRODUCT_BUNDLE_IDENTIFIER = "Docopt";
            PRODUCT_MODULE_NAME = "$(TARGET_NAME:c99extidentifier)";
            PRODUCT_NAME = "$(TARGET_NAME:c99extidentifier)";
            SKIP_INSTALL = "YES";
            SWIFT_ACTIVE_COMPILATION_CONDITIONS = (
               "$(inherited)"
            );
            SWIFT_VERSION = "4.0";
            TARGET_NAME = "Docopt";
         };
         name = "Debug";
      };
      "OBJ_132" = {
         isa = "XCBuildConfiguration";
         buildSettings = {
            ENABLE_TESTABILITY = "YES";
            FRAMEWORK_SEARCH_PATHS = (
               "$(inherited)",
               "$(PLATFORM_DIR)/Developer/Library/Frameworks"
            );
            HEADER_SEARCH_PATHS = (
               "$(inherited)"
            );
            INFOPLIST_FILE = "XPkg.xcodeproj/Docopt_Info.plist";
            LD_RUNPATH_SEARCH_PATHS = (
               "$(inherited)",
               "$(TOOLCHAIN_DIR)/usr/lib/swift/macosx"
            );
            OTHER_CFLAGS = (
               "$(inherited)"
            );
            OTHER_LDFLAGS = (
               "$(inherited)"
            );
            OTHER_SWIFT_FLAGS = (
               "$(inherited)"
            );
            PRODUCT_BUNDLE_IDENTIFIER = "Docopt";
            PRODUCT_MODULE_NAME = "$(TARGET_NAME:c99extidentifier)";
            PRODUCT_NAME = "$(TARGET_NAME:c99extidentifier)";
            SKIP_INSTALL = "YES";
            SWIFT_ACTIVE_COMPILATION_CONDITIONS = (
               "$(inherited)"
            );
            SWIFT_VERSION = "4.0";
            TARGET_NAME = "Docopt";
         };
         name = "Release";
      };
      "OBJ_133" = {
         isa = "PBXSourcesBuildPhase";
         files = (
            "OBJ_134",
            "OBJ_135",
            "OBJ_136",
            "OBJ_137",
            "OBJ_138",
            "OBJ_139",
            "OBJ_140",
            "OBJ_141",
            "OBJ_142",
            "OBJ_143",
            "OBJ_144",
            "OBJ_145",
            "OBJ_146",
            "OBJ_147",
            "OBJ_148"
         );
      };
      "OBJ_134" = {
         isa = "PBXBuildFile";
         fileRef = "OBJ_50";
      };
      "OBJ_135" = {
         isa = "PBXBuildFile";
         fileRef = "OBJ_51";
      };
      "OBJ_136" = {
         isa = "PBXBuildFile";
         fileRef = "OBJ_52";
      };
      "OBJ_137" = {
         isa = "PBXBuildFile";
         fileRef = "OBJ_53";
      };
      "OBJ_138" = {
         isa = "PBXBuildFile";
         fileRef = "OBJ_54";
      };
      "OBJ_139" = {
         isa = "PBXBuildFile";
         fileRef = "OBJ_55";
      };
      "OBJ_14" = {
         isa = "PBXFileReference";
         path = "InstallCommand.swift";
         sourceTree = "<group>";
      };
      "OBJ_140" = {
         isa = "PBXBuildFile";
         fileRef = "OBJ_56";
      };
      "OBJ_141" = {
         isa = "PBXBuildFile";
         fileRef = "OBJ_57";
      };
      "OBJ_142" = {
         isa = "PBXBuildFile";
         fileRef = "OBJ_58";
      };
      "OBJ_143" = {
         isa = "PBXBuildFile";
         fileRef = "OBJ_59";
      };
      "OBJ_144" = {
         isa = "PBXBuildFile";
         fileRef = "OBJ_60";
      };
      "OBJ_145" = {
         isa = "PBXBuildFile";
         fileRef = "OBJ_61";
      };
      "OBJ_146" = {
         isa = "PBXBuildFile";
         fileRef = "OBJ_62";
      };
      "OBJ_147" = {
         isa = "PBXBuildFile";
         fileRef = "OBJ_63";
      };
      "OBJ_148" = {
         isa = "PBXBuildFile";
         fileRef = "OBJ_64";
      };
      "OBJ_149" = {
         isa = "PBXFrameworksBuildPhase";
         files = (
         );
      };
      "OBJ_15" = {
         isa = "PBXFileReference";
         path = "LinkCommand.swift";
         sourceTree = "<group>";
      };
      "OBJ_151" = {
         isa = "XCConfigurationList";
         buildConfigurations = (
            "OBJ_152",
            "OBJ_153"
         );
         defaultConfigurationIsVisible = "0";
         defaultConfigurationName = "Release";
      };
      "OBJ_152" = {
         isa = "XCBuildConfiguration";
         buildSettings = {
            LD = "/usr/bin/true";
            OTHER_SWIFT_FLAGS = (
               "-swift-version",
               "4",
               "-I",
               "$(TOOLCHAIN_DIR)/usr/lib/swift/pm/4",
               "-target",
               "x86_64-apple-macosx10.10",
               "-sdk",
               "/Applications/Xcode10.app/Contents/Developer/Platforms/MacOSX.platform/Developer/SDKs/MacOSX10.14.sdk"
            );
            SWIFT_VERSION = "4.0";
         };
         name = "Debug";
      };
      "OBJ_153" = {
         isa = "XCBuildConfiguration";
         buildSettings = {
            LD = "/usr/bin/true";
            OTHER_SWIFT_FLAGS = (
               "-swift-version",
               "4",
               "-I",
               "$(TOOLCHAIN_DIR)/usr/lib/swift/pm/4",
               "-target",
               "x86_64-apple-macosx10.10",
               "-sdk",
               "/Applications/Xcode10.app/Contents/Developer/Platforms/MacOSX.platform/Developer/SDKs/MacOSX10.14.sdk"
            );
            SWIFT_VERSION = "4.0";
         };
         name = "Release";
      };
      "OBJ_154" = {
         isa = "PBXSourcesBuildPhase";
         files = (
            "OBJ_155"
         );
      };
      "OBJ_155" = {
         isa = "PBXBuildFile";
         fileRef = "OBJ_65";
      };
      "OBJ_156" = {
         isa = "XCConfigurationList";
         buildConfigurations = (
            "OBJ_157",
            "OBJ_158"
         );
         defaultConfigurationIsVisible = "0";
         defaultConfigurationName = "Release";
      };
      "OBJ_157" = {
         isa = "XCBuildConfiguration";
         buildSettings = {
            ENABLE_TESTABILITY = "YES";
            FRAMEWORK_SEARCH_PATHS = (
               "$(inherited)",
               "$(PLATFORM_DIR)/Developer/Library/Frameworks"
            );
            HEADER_SEARCH_PATHS = (
               "$(inherited)"
            );
            INFOPLIST_FILE = "XPkg.xcodeproj/Logger_Info.plist";
            LD_RUNPATH_SEARCH_PATHS = (
               "$(inherited)",
               "$(TOOLCHAIN_DIR)/usr/lib/swift/macosx"
            );
            OTHER_CFLAGS = (
               "$(inherited)"
            );
            OTHER_LDFLAGS = (
               "$(inherited)"
            );
            OTHER_SWIFT_FLAGS = (
               "$(inherited)"
            );
            PRODUCT_BUNDLE_IDENTIFIER = "Logger";
            PRODUCT_MODULE_NAME = "$(TARGET_NAME:c99extidentifier)";
            PRODUCT_NAME = "$(TARGET_NAME:c99extidentifier)";
            SKIP_INSTALL = "YES";
            SWIFT_ACTIVE_COMPILATION_CONDITIONS = (
               "$(inherited)"
            );
            SWIFT_VERSION = "4.2";
            TARGET_NAME = "Logger";
         };
         name = "Debug";
      };
      "OBJ_158" = {
         isa = "XCBuildConfiguration";
         buildSettings = {
            ENABLE_TESTABILITY = "YES";
            FRAMEWORK_SEARCH_PATHS = (
               "$(inherited)",
               "$(PLATFORM_DIR)/Developer/Library/Frameworks"
            );
            HEADER_SEARCH_PATHS = (
               "$(inherited)"
            );
            INFOPLIST_FILE = "XPkg.xcodeproj/Logger_Info.plist";
            LD_RUNPATH_SEARCH_PATHS = (
               "$(inherited)",
               "$(TOOLCHAIN_DIR)/usr/lib/swift/macosx"
            );
            OTHER_CFLAGS = (
               "$(inherited)"
            );
            OTHER_LDFLAGS = (
               "$(inherited)"
            );
            OTHER_SWIFT_FLAGS = (
               "$(inherited)"
            );
            PRODUCT_BUNDLE_IDENTIFIER = "Logger";
            PRODUCT_MODULE_NAME = "$(TARGET_NAME:c99extidentifier)";
            PRODUCT_NAME = "$(TARGET_NAME:c99extidentifier)";
            SKIP_INSTALL = "YES";
            SWIFT_ACTIVE_COMPILATION_CONDITIONS = (
               "$(inherited)"
            );
            SWIFT_VERSION = "4.2";
            TARGET_NAME = "Logger";
         };
         name = "Release";
      };
      "OBJ_159" = {
         isa = "PBXSourcesBuildPhase";
         files = (
            "OBJ_160",
            "OBJ_161",
            "OBJ_162",
            "OBJ_163",
            "OBJ_164",
            "OBJ_165",
            "OBJ_166"
         );
      };
      "OBJ_16" = {
         isa = "PBXFileReference";
         path = "ListCommand.swift";
         sourceTree = "<group>";
      };
      "OBJ_160" = {
         isa = "PBXBuildFile";
         fileRef = "OBJ_68";
      };
      "OBJ_161" = {
         isa = "PBXBuildFile";
         fileRef = "OBJ_69";
      };
      "OBJ_162" = {
         isa = "PBXBuildFile";
         fileRef = "OBJ_70";
      };
      "OBJ_163" = {
         isa = "PBXBuildFile";
         fileRef = "OBJ_71";
      };
      "OBJ_164" = {
         isa = "PBXBuildFile";
         fileRef = "OBJ_72";
      };
      "OBJ_165" = {
         isa = "PBXBuildFile";
         fileRef = "OBJ_73";
      };
      "OBJ_166" = {
         isa = "PBXBuildFile";
         fileRef = "OBJ_74";
      };
      "OBJ_167" = {
         isa = "PBXFrameworksBuildPhase";
         files = (
         );
      };
      "OBJ_169" = {
         isa = "XCConfigurationList";
         buildConfigurations = (
            "OBJ_170",
            "OBJ_171"
         );
         defaultConfigurationIsVisible = "0";
         defaultConfigurationName = "Release";
      };
      "OBJ_17" = {
         isa = "PBXFileReference";
         path = "Package.swift";
         sourceTree = "<group>";
      };
      "OBJ_170" = {
         isa = "XCBuildConfiguration";
         buildSettings = {
            LD = "/usr/bin/true";
            OTHER_SWIFT_FLAGS = (
               "-swift-version",
               "4.2",
               "-I",
               "$(TOOLCHAIN_DIR)/usr/lib/swift/pm/4_2",
               "-target",
               "x86_64-apple-macosx10.10",
               "-sdk",
               "/Applications/Xcode10.app/Contents/Developer/Platforms/MacOSX.platform/Developer/SDKs/MacOSX10.14.sdk"
            );
            SWIFT_VERSION = "4.2";
         };
         name = "Debug";
      };
      "OBJ_171" = {
         isa = "XCBuildConfiguration";
         buildSettings = {
            LD = "/usr/bin/true";
            OTHER_SWIFT_FLAGS = (
               "-swift-version",
               "4.2",
               "-I",
               "$(TOOLCHAIN_DIR)/usr/lib/swift/pm/4_2",
               "-target",
               "x86_64-apple-macosx10.10",
               "-sdk",
               "/Applications/Xcode10.app/Contents/Developer/Platforms/MacOSX.platform/Developer/SDKs/MacOSX10.14.sdk"
            );
            SWIFT_VERSION = "4.2";
         };
         name = "Release";
      };
      "OBJ_172" = {
         isa = "PBXSourcesBuildPhase";
         files = (
            "OBJ_173"
         );
      };
      "OBJ_173" = {
         isa = "PBXBuildFile";
         fileRef = "OBJ_76";
      };
      "OBJ_175" = {
         isa = "XCConfigurationList";
         buildConfigurations = (
            "OBJ_176",
            "OBJ_177"
         );
         defaultConfigurationIsVisible = "0";
         defaultConfigurationName = "Release";
      };
      "OBJ_176" = {
         isa = "XCBuildConfiguration";
         buildSettings = {
            ENABLE_TESTABILITY = "YES";
            FRAMEWORK_SEARCH_PATHS = (
               "$(inherited)",
               "$(PLATFORM_DIR)/Developer/Library/Frameworks"
            );
            HEADER_SEARCH_PATHS = (
               "$(inherited)"
            );
            INFOPLIST_FILE = "XPkg.xcodeproj/Runner_Info.plist";
            LD_RUNPATH_SEARCH_PATHS = (
               "$(inherited)",
               "$(TOOLCHAIN_DIR)/usr/lib/swift/macosx"
            );
            OTHER_CFLAGS = (
               "$(inherited)"
            );
            OTHER_LDFLAGS = (
               "$(inherited)"
            );
            OTHER_SWIFT_FLAGS = (
               "$(inherited)"
            );
            PRODUCT_BUNDLE_IDENTIFIER = "Runner";
            PRODUCT_MODULE_NAME = "$(TARGET_NAME:c99extidentifier)";
            PRODUCT_NAME = "$(TARGET_NAME:c99extidentifier)";
            SKIP_INSTALL = "YES";
            SWIFT_ACTIVE_COMPILATION_CONDITIONS = (
               "$(inherited)"
            );
            SWIFT_VERSION = "4.2";
            TARGET_NAME = "Runner";
         };
         name = "Debug";
      };
      "OBJ_177" = {
         isa = "XCBuildConfiguration";
         buildSettings = {
            ENABLE_TESTABILITY = "YES";
            FRAMEWORK_SEARCH_PATHS = (
               "$(inherited)",
               "$(PLATFORM_DIR)/Developer/Library/Frameworks"
            );
            HEADER_SEARCH_PATHS = (
               "$(inherited)"
            );
            INFOPLIST_FILE = "XPkg.xcodeproj/Runner_Info.plist";
            LD_RUNPATH_SEARCH_PATHS = (
               "$(inherited)",
               "$(TOOLCHAIN_DIR)/usr/lib/swift/macosx"
            );
            OTHER_CFLAGS = (
               "$(inherited)"
            );
            OTHER_LDFLAGS = (
               "$(inherited)"
            );
            OTHER_SWIFT_FLAGS = (
               "$(inherited)"
            );
            PRODUCT_BUNDLE_IDENTIFIER = "Runner";
            PRODUCT_MODULE_NAME = "$(TARGET_NAME:c99extidentifier)";
            PRODUCT_NAME = "$(TARGET_NAME:c99extidentifier)";
            SKIP_INSTALL = "YES";
            SWIFT_ACTIVE_COMPILATION_CONDITIONS = (
               "$(inherited)"
            );
            SWIFT_VERSION = "4.2";
            TARGET_NAME = "Runner";
         };
         name = "Release";
      };
      "OBJ_178" = {
         isa = "PBXSourcesBuildPhase";
         files = (
            "OBJ_179"
         );
      };
      "OBJ_179" = {
         isa = "PBXBuildFile";
         fileRef = "OBJ_36";
      };
      "OBJ_18" = {
         isa = "PBXFileReference";
         path = "PackageActions.swift";
         sourceTree = "<group>";
      };
      "OBJ_180" = {
         isa = "PBXFrameworksBuildPhase";
         files = (
         );
      };
      "OBJ_182" = {
         isa = "XCConfigurationList";
         buildConfigurations = (
            "OBJ_183",
            "OBJ_184"
         );
         defaultConfigurationIsVisible = "0";
         defaultConfigurationName = "Release";
      };
      "OBJ_183" = {
         isa = "XCBuildConfiguration";
         buildSettings = {
            LD = "/usr/bin/true";
            OTHER_SWIFT_FLAGS = (
               "-swift-version",
               "4.2",
               "-I",
               "$(TOOLCHAIN_DIR)/usr/lib/swift/pm/4_2",
               "-target",
               "x86_64-apple-macosx10.10",
               "-sdk",
               "/Applications/Xcode10.app/Contents/Developer/Platforms/MacOSX.platform/Developer/SDKs/MacOSX10.14.sdk"
            );
            SWIFT_VERSION = "4.2";
         };
         name = "Debug";
      };
      "OBJ_184" = {
         isa = "XCBuildConfiguration";
         buildSettings = {
            LD = "/usr/bin/true";
            OTHER_SWIFT_FLAGS = (
               "-swift-version",
               "4.2",
               "-I",
               "$(TOOLCHAIN_DIR)/usr/lib/swift/pm/4_2",
               "-target",
               "x86_64-apple-macosx10.10",
               "-sdk",
               "/Applications/Xcode10.app/Contents/Developer/Platforms/MacOSX.platform/Developer/SDKs/MacOSX10.14.sdk"
            );
            SWIFT_VERSION = "4.2";
         };
         name = "Release";
      };
      "OBJ_185" = {
         isa = "PBXSourcesBuildPhase";
         files = (
            "OBJ_186"
         );
      };
      "OBJ_186" = {
         isa = "PBXBuildFile";
         fileRef = "OBJ_37";
      };
      "OBJ_188" = {
         isa = "XCConfigurationList";
         buildConfigurations = (
            "OBJ_189",
            "OBJ_190"
         );
         defaultConfigurationIsVisible = "0";
         defaultConfigurationName = "Release";
      };
      "OBJ_189" = {
         isa = "XCBuildConfiguration";
         buildSettings = {
            ENABLE_TESTABILITY = "YES";
            FRAMEWORK_SEARCH_PATHS = (
               "$(inherited)",
               "$(PLATFORM_DIR)/Developer/Library/Frameworks"
            );
            HEADER_SEARCH_PATHS = (
               "$(inherited)"
            );
            INFOPLIST_FILE = "XPkg.xcodeproj/XPkg_Info.plist";
            LD_RUNPATH_SEARCH_PATHS = (
               "$(inherited)",
               "$(TOOLCHAIN_DIR)/usr/lib/swift/macosx"
            );
            OTHER_CFLAGS = (
               "$(inherited)"
            );
            OTHER_LDFLAGS = (
               "$(inherited)"
            );
            OTHER_SWIFT_FLAGS = (
               "$(inherited)"
            );
            PRODUCT_BUNDLE_IDENTIFIER = "XPkg";
            PRODUCT_MODULE_NAME = "$(TARGET_NAME:c99extidentifier)";
            PRODUCT_NAME = "$(TARGET_NAME:c99extidentifier)";
            SKIP_INSTALL = "YES";
            SWIFT_ACTIVE_COMPILATION_CONDITIONS = (
               "$(inherited)"
            );
            SWIFT_VERSION = "4.2";
            TARGET_NAME = "XPkg";
         };
         name = "Debug";
      };
      "OBJ_19" = {
         isa = "PBXFileReference";
         path = "PathCommand.swift";
         sourceTree = "<group>";
      };
      "OBJ_190" = {
         isa = "XCBuildConfiguration";
         buildSettings = {
            ENABLE_TESTABILITY = "YES";
            FRAMEWORK_SEARCH_PATHS = (
               "$(inherited)",
               "$(PLATFORM_DIR)/Developer/Library/Frameworks"
            );
            HEADER_SEARCH_PATHS = (
               "$(inherited)"
            );
            INFOPLIST_FILE = "XPkg.xcodeproj/XPkg_Info.plist";
            LD_RUNPATH_SEARCH_PATHS = (
               "$(inherited)",
               "$(TOOLCHAIN_DIR)/usr/lib/swift/macosx"
            );
            OTHER_CFLAGS = (
               "$(inherited)"
            );
            OTHER_LDFLAGS = (
               "$(inherited)"
            );
            OTHER_SWIFT_FLAGS = (
               "$(inherited)"
            );
            PRODUCT_BUNDLE_IDENTIFIER = "XPkg";
            PRODUCT_MODULE_NAME = "$(TARGET_NAME:c99extidentifier)";
            PRODUCT_NAME = "$(TARGET_NAME:c99extidentifier)";
            SKIP_INSTALL = "YES";
            SWIFT_ACTIVE_COMPILATION_CONDITIONS = (
               "$(inherited)"
            );
            SWIFT_VERSION = "4.2";
            TARGET_NAME = "XPkg";
         };
         name = "Release";
      };
      "OBJ_191" = {
         isa = "PBXSourcesBuildPhase";
         files = (
            "OBJ_192",
            "OBJ_193",
            "OBJ_194",
            "OBJ_195",
            "OBJ_196",
            "OBJ_197",
            "OBJ_198",
            "OBJ_199",
            "OBJ_200",
            "OBJ_201",
            "OBJ_202",
            "OBJ_203",
            "OBJ_204",
            "OBJ_205",
            "OBJ_206"
         );
      };
      "OBJ_192" = {
         isa = "PBXBuildFile";
         fileRef = "OBJ_11";
      };
      "OBJ_193" = {
         isa = "PBXBuildFile";
         fileRef = "OBJ_12";
      };
      "OBJ_194" = {
         isa = "PBXBuildFile";
         fileRef = "OBJ_13";
      };
      "OBJ_195" = {
         isa = "PBXBuildFile";
         fileRef = "OBJ_14";
      };
      "OBJ_196" = {
         isa = "PBXBuildFile";
         fileRef = "OBJ_15";
      };
      "OBJ_197" = {
         isa = "PBXBuildFile";
         fileRef = "OBJ_16";
      };
      "OBJ_198" = {
         isa = "PBXBuildFile";
         fileRef = "OBJ_17";
      };
      "OBJ_199" = {
         isa = "PBXBuildFile";
         fileRef = "OBJ_18";
      };
      "OBJ_2" = {
         isa = "XCConfigurationList";
         buildConfigurations = (
            "OBJ_3",
            "OBJ_4"
         );
         defaultConfigurationIsVisible = "0";
         defaultConfigurationName = "Release";
      };
      "OBJ_20" = {
         isa = "PBXFileReference";
         path = "ReinstallCommand.swift";
         sourceTree = "<group>";
      };
      "OBJ_200" = {
         isa = "PBXBuildFile";
         fileRef = "OBJ_19";
      };
      "OBJ_201" = {
         isa = "PBXBuildFile";
         fileRef = "OBJ_20";
      };
      "OBJ_202" = {
         isa = "PBXBuildFile";
         fileRef = "OBJ_21";
      };
      "OBJ_203" = {
         isa = "PBXBuildFile";
         fileRef = "OBJ_22";
      };
      "OBJ_204" = {
         isa = "PBXBuildFile";
         fileRef = "OBJ_23";
      };
      "OBJ_205" = {
         isa = "PBXBuildFile";
         fileRef = "OBJ_24";
      };
      "OBJ_206" = {
         isa = "PBXBuildFile";
         fileRef = "OBJ_25";
      };
      "OBJ_207" = {
         isa = "PBXFrameworksBuildPhase";
         files = (
            "OBJ_208",
            "OBJ_209",
            "OBJ_210",
            "OBJ_211"
         );
      };
      "OBJ_208" = {
         isa = "PBXBuildFile";
         fileRef = "Runner::Runner::Product";
      };
      "OBJ_209" = {
         isa = "PBXBuildFile";
         fileRef = "Arguments::Arguments::Product";
      };
      "OBJ_21" = {
         isa = "PBXFileReference";
         path = "RemoveCommand.swift";
         sourceTree = "<group>";
      };
      "OBJ_210" = {
         isa = "PBXBuildFile";
         fileRef = "Logger::Logger::Product";
      };
      "OBJ_211" = {
         isa = "PBXBuildFile";
         fileRef = "Docopt::Docopt::Product";
      };
      "OBJ_212" = {
         isa = "PBXTargetDependency";
         target = "Runner::Runner";
      };
      "OBJ_213" = {
         isa = "PBXTargetDependency";
         target = "Arguments::Arguments";
      };
      "OBJ_214" = {
         isa = "PBXTargetDependency";
         target = "Logger::Logger";
      };
      "OBJ_215" = {
         isa = "PBXTargetDependency";
         target = "Docopt::Docopt";
      };
      "OBJ_217" = {
         isa = "XCConfigurationList";
         buildConfigurations = (
            "OBJ_218",
            "OBJ_219"
         );
         defaultConfigurationIsVisible = "0";
         defaultConfigurationName = "Release";
      };
      "OBJ_218" = {
         isa = "XCBuildConfiguration";
         buildSettings = {
            FRAMEWORK_SEARCH_PATHS = (
               "$(inherited)",
               "$(PLATFORM_DIR)/Developer/Library/Frameworks"
            );
            HEADER_SEARCH_PATHS = (
               "$(inherited)"
            );
            INFOPLIST_FILE = "XPkg.xcodeproj/XPkgCommand_Info.plist";
            LD_RUNPATH_SEARCH_PATHS = (
               "$(inherited)",
               "$(TOOLCHAIN_DIR)/usr/lib/swift/macosx",
               "@executable_path"
            );
            OTHER_CFLAGS = (
               "$(inherited)"
            );
            OTHER_LDFLAGS = (
               "$(inherited)"
            );
            OTHER_SWIFT_FLAGS = (
               "$(inherited)"
            );
            SWIFT_ACTIVE_COMPILATION_CONDITIONS = (
               "$(inherited)"
            );
            SWIFT_FORCE_DYNAMIC_LINK_STDLIB = "YES";
            SWIFT_FORCE_STATIC_LINK_STDLIB = "NO";
            SWIFT_VERSION = "4.2";
            TARGET_NAME = "XPkgCommand";
         };
         name = "Debug";
      };
      "OBJ_219" = {
         isa = "XCBuildConfiguration";
         buildSettings = {
            FRAMEWORK_SEARCH_PATHS = (
               "$(inherited)",
               "$(PLATFORM_DIR)/Developer/Library/Frameworks"
            );
            HEADER_SEARCH_PATHS = (
               "$(inherited)"
            );
            INFOPLIST_FILE = "XPkg.xcodeproj/XPkgCommand_Info.plist";
            LD_RUNPATH_SEARCH_PATHS = (
               "$(inherited)",
               "$(TOOLCHAIN_DIR)/usr/lib/swift/macosx",
               "@executable_path"
            );
            OTHER_CFLAGS = (
               "$(inherited)"
            );
            OTHER_LDFLAGS = (
               "$(inherited)"
            );
            OTHER_SWIFT_FLAGS = (
               "$(inherited)"
            );
            SWIFT_ACTIVE_COMPILATION_CONDITIONS = (
               "$(inherited)"
            );
            SWIFT_FORCE_DYNAMIC_LINK_STDLIB = "YES";
            SWIFT_FORCE_STATIC_LINK_STDLIB = "NO";
            SWIFT_VERSION = "4.2";
            TARGET_NAME = "XPkgCommand";
         };
         name = "Release";
      };
      "OBJ_22" = {
         isa = "PBXFileReference";
         path = "RenameCommand.swift";
         sourceTree = "<group>";
      };
      "OBJ_220" = {
         isa = "PBXSourcesBuildPhase";
         files = (
            "OBJ_221",
            "OBJ_222"
         );
      };
      "OBJ_221" = {
         isa = "PBXBuildFile";
         fileRef = "OBJ_27";
      };
      "OBJ_222" = {
         isa = "PBXBuildFile";
         fileRef = "OBJ_28";
      };
      "OBJ_223" = {
         isa = "PBXFrameworksBuildPhase";
         files = (
            "OBJ_224",
            "OBJ_225",
            "OBJ_226",
            "OBJ_227",
            "OBJ_228"
         );
      };
      "OBJ_224" = {
         isa = "PBXBuildFile";
         fileRef = "XPkg::XPkg::Product";
      };
      "OBJ_225" = {
         isa = "PBXBuildFile";
         fileRef = "Runner::Runner::Product";
      };
      "OBJ_226" = {
         isa = "PBXBuildFile";
         fileRef = "Arguments::Arguments::Product";
      };
      "OBJ_227" = {
         isa = "PBXBuildFile";
         fileRef = "Logger::Logger::Product";
      };
      "OBJ_228" = {
         isa = "PBXBuildFile";
         fileRef = "Docopt::Docopt::Product";
      };
      "OBJ_229" = {
         isa = "PBXTargetDependency";
         target = "XPkg::XPkg";
      };
      "OBJ_23" = {
         isa = "PBXFileReference";
         path = "RevealCommand.swift";
         sourceTree = "<group>";
      };
      "OBJ_230" = {
         isa = "PBXTargetDependency";
         target = "Runner::Runner";
      };
      "OBJ_231" = {
         isa = "PBXTargetDependency";
         target = "Arguments::Arguments";
      };
      "OBJ_232" = {
         isa = "PBXTargetDependency";
         target = "Logger::Logger";
      };
      "OBJ_233" = {
         isa = "PBXTargetDependency";
         target = "Docopt::Docopt";
      };
      "OBJ_235" = {
         isa = "XCConfigurationList";
         buildConfigurations = (
            "OBJ_236",
            "OBJ_237"
         );
         defaultConfigurationIsVisible = "0";
         defaultConfigurationName = "Release";
      };
      "OBJ_236" = {
         isa = "XCBuildConfiguration";
         buildSettings = {
            LD = "/usr/bin/true";
            OTHER_SWIFT_FLAGS = (
               "-swift-version",
               "4.2",
               "-I",
               "$(TOOLCHAIN_DIR)/usr/lib/swift/pm/4_2",
               "-target",
               "x86_64-apple-macosx10.10",
               "-sdk",
               "/Applications/Xcode10.app/Contents/Developer/Platforms/MacOSX.platform/Developer/SDKs/MacOSX10.14.sdk"
            );
            SWIFT_VERSION = "4.2";
         };
         name = "Debug";
      };
      "OBJ_237" = {
         isa = "XCBuildConfiguration";
         buildSettings = {
            LD = "/usr/bin/true";
            OTHER_SWIFT_FLAGS = (
               "-swift-version",
               "4.2",
               "-I",
               "$(TOOLCHAIN_DIR)/usr/lib/swift/pm/4_2",
               "-target",
               "x86_64-apple-macosx10.10",
               "-sdk",
               "/Applications/Xcode10.app/Contents/Developer/Platforms/MacOSX.platform/Developer/SDKs/MacOSX10.14.sdk"
            );
            SWIFT_VERSION = "4.2";
         };
         name = "Release";
      };
      "OBJ_238" = {
         isa = "PBXSourcesBuildPhase";
         files = (
            "OBJ_239"
         );
      };
      "OBJ_239" = {
         isa = "PBXBuildFile";
         fileRef = "OBJ_6";
      };
      "OBJ_24" = {
         isa = "PBXFileReference";
         path = "UpdateCommand.swift";
         sourceTree = "<group>";
      };
      "OBJ_241" = {
         isa = "XCConfigurationList";
         buildConfigurations = (
            "OBJ_242",
            "OBJ_243"
         );
         defaultConfigurationIsVisible = "0";
         defaultConfigurationName = "Release";
      };
      "OBJ_242" = {
         isa = "XCBuildConfiguration";
         buildSettings = {
         };
         name = "Debug";
      };
      "OBJ_243" = {
         isa = "XCBuildConfiguration";
         buildSettings = {
         };
         name = "Release";
      };
      "OBJ_244" = {
         isa = "PBXTargetDependency";
         target = "XPkg::XPkgTests";
      };
      "OBJ_246" = {
         isa = "XCConfigurationList";
         buildConfigurations = (
            "OBJ_247",
            "OBJ_248"
         );
         defaultConfigurationIsVisible = "0";
         defaultConfigurationName = "Release";
      };
      "OBJ_247" = {
         isa = "XCBuildConfiguration";
         buildSettings = {
            CLANG_ENABLE_MODULES = "YES";
            EMBEDDED_CONTENT_CONTAINS_SWIFT = "YES";
            FRAMEWORK_SEARCH_PATHS = (
               "$(inherited)",
               "$(PLATFORM_DIR)/Developer/Library/Frameworks"
            );
            HEADER_SEARCH_PATHS = (
               "$(inherited)"
            );
            INFOPLIST_FILE = "XPkg.xcodeproj/XPkgTests_Info.plist";
            LD_RUNPATH_SEARCH_PATHS = (
               "$(inherited)",
               "@loader_path/../Frameworks",
               "@loader_path/Frameworks"
            );
            OTHER_CFLAGS = (
               "$(inherited)"
            );
            OTHER_LDFLAGS = (
               "$(inherited)"
            );
            OTHER_SWIFT_FLAGS = (
               "$(inherited)"
            );
            SWIFT_ACTIVE_COMPILATION_CONDITIONS = (
               "$(inherited)"
            );
            SWIFT_VERSION = "4.2";
            TARGET_NAME = "XPkgTests";
         };
         name = "Debug";
      };
      "OBJ_248" = {
         isa = "XCBuildConfiguration";
         buildSettings = {
            CLANG_ENABLE_MODULES = "YES";
            EMBEDDED_CONTENT_CONTAINS_SWIFT = "YES";
            FRAMEWORK_SEARCH_PATHS = (
               "$(inherited)",
               "$(PLATFORM_DIR)/Developer/Library/Frameworks"
            );
            HEADER_SEARCH_PATHS = (
               "$(inherited)"
            );
            INFOPLIST_FILE = "XPkg.xcodeproj/XPkgTests_Info.plist";
            LD_RUNPATH_SEARCH_PATHS = (
               "$(inherited)",
               "@loader_path/../Frameworks",
               "@loader_path/Frameworks"
            );
            OTHER_CFLAGS = (
               "$(inherited)"
            );
            OTHER_LDFLAGS = (
               "$(inherited)"
            );
            OTHER_SWIFT_FLAGS = (
               "$(inherited)"
            );
            SWIFT_ACTIVE_COMPILATION_CONDITIONS = (
               "$(inherited)"
            );
            SWIFT_VERSION = "4.2";
            TARGET_NAME = "XPkgTests";
         };
         name = "Release";
      };
      "OBJ_249" = {
         isa = "PBXSourcesBuildPhase";
         files = (
            "OBJ_250"
         );
      };
      "OBJ_25" = {
         isa = "PBXFileReference";
         path = "XPkg.swift";
         sourceTree = "<group>";
      };
      "OBJ_250" = {
         isa = "PBXBuildFile";
         fileRef = "OBJ_31";
      };
      "OBJ_251" = {
         isa = "PBXFrameworksBuildPhase";
         files = (
            "OBJ_252",
            "OBJ_253",
            "OBJ_254",
            "OBJ_255",
            "OBJ_256"
         );
      };
      "OBJ_252" = {
         isa = "PBXBuildFile";
         fileRef = "XPkg::XPkg::Product";
      };
      "OBJ_253" = {
         isa = "PBXBuildFile";
         fileRef = "Runner::Runner::Product";
      };
      "OBJ_254" = {
         isa = "PBXBuildFile";
         fileRef = "Arguments::Arguments::Product";
      };
      "OBJ_255" = {
         isa = "PBXBuildFile";
         fileRef = "Logger::Logger::Product";
      };
      "OBJ_256" = {
         isa = "PBXBuildFile";
         fileRef = "Docopt::Docopt::Product";
      };
      "OBJ_257" = {
         isa = "PBXTargetDependency";
         target = "XPkg::XPkgCommand";
      };
      "OBJ_258" = {
         isa = "PBXTargetDependency";
         target = "XPkg::XPkg";
      };
      "OBJ_259" = {
         isa = "PBXTargetDependency";
         target = "Runner::Runner";
      };
      "OBJ_26" = {
         isa = "PBXGroup";
         children = (
            "OBJ_27",
            "OBJ_28"
         );
         name = "XPkgCommand";
         path = "Sources/XPkgCommand";
         sourceTree = "SOURCE_ROOT";
      };
      "OBJ_260" = {
         isa = "PBXTargetDependency";
         target = "Arguments::Arguments";
      };
      "OBJ_261" = {
         isa = "PBXTargetDependency";
         target = "Logger::Logger";
      };
      "OBJ_262" = {
         isa = "PBXTargetDependency";
         target = "Docopt::Docopt";
      };
      "OBJ_264" = {
         isa = "XCConfigurationList";
         buildConfigurations = (
            "OBJ_265",
            "OBJ_266"
         );
         defaultConfigurationIsVisible = "0";
         defaultConfigurationName = "Release";
      };
      "OBJ_265" = {
         isa = "XCBuildConfiguration";
         buildSettings = {
         };
         name = "Debug";
      };
      "OBJ_266" = {
         isa = "XCBuildConfiguration";
         buildSettings = {
         };
         name = "Release";
      };
      "OBJ_267" = {
         isa = "PBXTargetDependency";
         target = "XPkg::XPkgCommand";
      };
      "OBJ_27" = {
         isa = "PBXFileReference";
         path = "Metadata.swift";
         sourceTree = "<group>";
      };
      "OBJ_28" = {
         isa = "PBXFileReference";
         path = "main.swift";
         sourceTree = "<group>";
      };
      "OBJ_29" = {
         isa = "PBXGroup";
         children = (
            "OBJ_30"
         );
         name = "Tests";
         path = "";
         sourceTree = "SOURCE_ROOT";
      };
      "OBJ_3" = {
         isa = "XCBuildConfiguration";
         buildSettings = {
            CLANG_ENABLE_OBJC_ARC = "YES";
            COMBINE_HIDPI_IMAGES = "YES";
            COPY_PHASE_STRIP = "NO";
            DEBUG_INFORMATION_FORMAT = "dwarf";
            DYLIB_INSTALL_NAME_BASE = "@rpath";
            ENABLE_NS_ASSERTIONS = "YES";
            GCC_OPTIMIZATION_LEVEL = "0";
            GCC_PREPROCESSOR_DEFINITIONS = (
               "DEBUG=1",
               "$(inherited)"
            );
            MACOSX_DEPLOYMENT_TARGET = "10.10";
            ONLY_ACTIVE_ARCH = "YES";
            OTHER_SWIFT_FLAGS = (
               "-DXcode"
            );
            PRODUCT_NAME = "$(TARGET_NAME)";
            SDKROOT = "macosx";
            SUPPORTED_PLATFORMS = (
               "macosx",
               "iphoneos",
               "iphonesimulator",
               "appletvos",
               "appletvsimulator",
               "watchos",
               "watchsimulator"
            );
            SWIFT_ACTIVE_COMPILATION_CONDITIONS = (
               "SWIFT_PACKAGE",
               "DEBUG"
            );
            SWIFT_OPTIMIZATION_LEVEL = "-Onone";
            USE_HEADERMAP = "NO";
         };
         name = "Debug";
      };
      "OBJ_30" = {
         isa = "PBXGroup";
         children = (
            "OBJ_31"
         );
         name = "XPkgTests";
         path = "Tests/XPkgTests";
         sourceTree = "SOURCE_ROOT";
      };
      "OBJ_31" = {
         isa = "PBXFileReference";
         path = "XPkgTests.swift";
         sourceTree = "<group>";
      };
      "OBJ_32" = {
         isa = "PBXFileReference";
         path = "XPkg.xcworkspace";
         sourceTree = "SOURCE_ROOT";
      };
      "OBJ_33" = {
         isa = "PBXGroup";
         children = (
            "OBJ_34",
            "OBJ_38",
            "OBJ_42",
            "OBJ_48",
            "OBJ_66"
         );
         name = "Dependencies";
         path = "";
         sourceTree = "<group>";
      };
      "OBJ_34" = {
         isa = "PBXGroup";
         children = (
            "OBJ_35",
            "OBJ_37"
         );
         name = "Runner 1.0.1";
         path = "";
         sourceTree = "SOURCE_ROOT";
      };
      "OBJ_35" = {
         isa = "PBXGroup";
         children = (
            "OBJ_36"
         );
         name = "Runner";
         path = ".build/checkouts/Runner--4985630774079530677/Sources/Runner";
         sourceTree = "SOURCE_ROOT";
      };
      "OBJ_36" = {
         isa = "PBXFileReference";
         path = "Runner.swift";
         sourceTree = "<group>";
      };
      "OBJ_37" = {
         isa = "PBXFileReference";
         explicitFileType = "sourcecode.swift";
         name = "Package.swift";
         path = "/Users/sam/.local/share/xpkg/code/.build/checkouts/Runner--4985630774079530677/Package.swift";
         sourceTree = "<group>";
      };
      "OBJ_38" = {
         isa = "PBXGroup";
         children = (
            "OBJ_39",
            "OBJ_41"
         );
         name = "Arguments 1.0.4";
         path = "";
         sourceTree = "SOURCE_ROOT";
      };
      "OBJ_39" = {
         isa = "PBXGroup";
         children = (
            "OBJ_40"
         );
         name = "Arguments";
         path = ".build/checkouts/Arguments-4541944957054729152/Sources/Arguments";
         sourceTree = "SOURCE_ROOT";
      };
      "OBJ_4" = {
         isa = "XCBuildConfiguration";
         buildSettings = {
            CLANG_ENABLE_OBJC_ARC = "YES";
            COMBINE_HIDPI_IMAGES = "YES";
            COPY_PHASE_STRIP = "YES";
            DEBUG_INFORMATION_FORMAT = "dwarf-with-dsym";
            DYLIB_INSTALL_NAME_BASE = "@rpath";
            GCC_OPTIMIZATION_LEVEL = "s";
            MACOSX_DEPLOYMENT_TARGET = "10.10";
            OTHER_SWIFT_FLAGS = (
               "-DXcode"
            );
            PRODUCT_NAME = "$(TARGET_NAME)";
            SDKROOT = "macosx";
            SUPPORTED_PLATFORMS = (
               "macosx",
               "iphoneos",
               "iphonesimulator",
               "appletvos",
               "appletvsimulator",
               "watchos",
               "watchsimulator"
            );
            SWIFT_ACTIVE_COMPILATION_CONDITIONS = (
               "SWIFT_PACKAGE"
            );
            SWIFT_OPTIMIZATION_LEVEL = "-Owholemodule";
            USE_HEADERMAP = "NO";
         };
         name = "Release";
      };
      "OBJ_40" = {
         isa = "PBXFileReference";
         path = "Arguments.swift";
         sourceTree = "<group>";
      };
      "OBJ_41" = {
         isa = "PBXFileReference";
         explicitFileType = "sourcecode.swift";
         name = "Package.swift";
         path = "/Users/sam/.local/share/xpkg/code/.build/checkouts/Arguments-4541944957054729152/Package.swift";
         sourceTree = "<group>";
      };
      "OBJ_42" = {
         isa = "PBXGroup";
         children = (
            "OBJ_43",
            "OBJ_47"
         );
         name = "BuilderConfiguration 1.1.3";
         path = "";
         sourceTree = "SOURCE_ROOT";
      };
      "OBJ_43" = {
         isa = "PBXGroup";
         children = (
            "OBJ_44",
            "OBJ_45",
            "OBJ_46"
         );
         name = "BuilderConfiguration";
         path = ".build/checkouts/BuilderConfiguration.git-4384375347934112659/Sources/BuilderConfiguration";
         sourceTree = "SOURCE_ROOT";
      };
      "OBJ_44" = {
         isa = "PBXFileReference";
         path = "Configuration.swift";
         sourceTree = "<group>";
      };
      "OBJ_45" = {
         isa = "PBXFileReference";
         path = "Settings.swift";
         sourceTree = "<group>";
      };
      "OBJ_46" = {
         isa = "PBXFileReference";
         path = "Utilities.swift";
         sourceTree = "<group>";
      };
      "OBJ_47" = {
         isa = "PBXFileReference";
         explicitFileType = "sourcecode.swift";
         name = "Package.swift";
         path = "/Users/sam/.local/share/xpkg/code/.build/checkouts/BuilderConfiguration.git-4384375347934112659/Package.swift";
         sourceTree = "<group>";
      };
      "OBJ_48" = {
         isa = "PBXGroup";
         children = (
            "OBJ_49",
            "OBJ_65"
         );
         name = "Docopt 0.6.8";
         path = "";
         sourceTree = "SOURCE_ROOT";
      };
      "OBJ_49" = {
         isa = "PBXGroup";
         children = (
            "OBJ_50",
            "OBJ_51",
            "OBJ_52",
            "OBJ_53",
            "OBJ_54",
            "OBJ_55",
            "OBJ_56",
            "OBJ_57",
            "OBJ_58",
            "OBJ_59",
            "OBJ_60",
            "OBJ_61",
            "OBJ_62",
            "OBJ_63",
            "OBJ_64"
         );
         name = "Docopt";
         path = ".build/checkouts/docopt.swift--7656142638976020251/Sources/Docopt";
         sourceTree = "SOURCE_ROOT";
      };
      "OBJ_5" = {
         isa = "PBXGroup";
         children = (
            "OBJ_6",
            "OBJ_7",
            "OBJ_29",
            "OBJ_32",
            "OBJ_33",
            "OBJ_77"
         );
         path = "";
         sourceTree = "<group>";
      };
      "OBJ_50" = {
         isa = "PBXFileReference";
         path = "Argument.swift";
         sourceTree = "<group>";
      };
      "OBJ_51" = {
         isa = "PBXFileReference";
         path = "BranchPattern.swift";
         sourceTree = "<group>";
      };
      "OBJ_52" = {
         isa = "PBXFileReference";
         path = "Command.swift";
         sourceTree = "<group>";
      };
      "OBJ_53" = {
         isa = "PBXFileReference";
         path = "Docopt.swift";
         sourceTree = "<group>";
      };
      "OBJ_54" = {
         isa = "PBXFileReference";
         path = "DocoptError.swift";
         sourceTree = "<group>";
      };
      "OBJ_55" = {
         isa = "PBXFileReference";
         path = "Either.swift";
         sourceTree = "<group>";
      };
      "OBJ_56" = {
         isa = "PBXFileReference";
         path = "LeafPattern.swift";
         sourceTree = "<group>";
      };
      "OBJ_57" = {
         isa = "PBXFileReference";
         path = "OneOrMore.swift";
         sourceTree = "<group>";
      };
      "OBJ_58" = {
         isa = "PBXFileReference";
         path = "Option.swift";
         sourceTree = "<group>";
      };
      "OBJ_59" = {
         isa = "PBXFileReference";
         path = "Optional.swift";
         sourceTree = "<group>";
      };
      "OBJ_6" = {
         isa = "PBXFileReference";
         explicitFileType = "sourcecode.swift";
         path = "Package.swift";
         sourceTree = "<group>";
      };
      "OBJ_60" = {
         isa = "PBXFileReference";
         path = "OptionsShortcut.swift";
         sourceTree = "<group>";
      };
      "OBJ_61" = {
         isa = "PBXFileReference";
         path = "Pattern.swift";
         sourceTree = "<group>";
      };
      "OBJ_62" = {
         isa = "PBXFileReference";
         path = "Required.swift";
         sourceTree = "<group>";
      };
      "OBJ_63" = {
         isa = "PBXFileReference";
         path = "String.swift";
         sourceTree = "<group>";
      };
      "OBJ_64" = {
         isa = "PBXFileReference";
         path = "Tokens.swift";
         sourceTree = "<group>";
      };
      "OBJ_65" = {
         isa = "PBXFileReference";
         explicitFileType = "sourcecode.swift";
         name = "Package.swift";
         path = "/Users/sam/.local/share/xpkg/code/.build/checkouts/docopt.swift--7656142638976020251/Package.swift";
         sourceTree = "<group>";
      };
      "OBJ_66" = {
         isa = "PBXGroup";
         children = (
            "OBJ_67",
            "OBJ_75",
            "OBJ_76"
         );
         name = "Logger 1.0.11";
         path = "";
         sourceTree = "SOURCE_ROOT";
      };
      "OBJ_67" = {
         isa = "PBXGroup";
         children = (
            "OBJ_68",
            "OBJ_69",
            "OBJ_70",
            "OBJ_71",
            "OBJ_72",
            "OBJ_73",
            "OBJ_74"
         );
         name = "Logger";
         path = ".build/checkouts/Logger--8840945851009337956/Sources/Logger";
         sourceTree = "SOURCE_ROOT";
      };
      "OBJ_68" = {
         isa = "PBXFileReference";
         path = "Context.swift";
         sourceTree = "<group>";
      };
      "OBJ_69" = {
         isa = "PBXFileReference";
         path = "Handler.swift";
         sourceTree = "<group>";
      };
      "OBJ_7" = {
         isa = "PBXGroup";
         children = (
            "OBJ_8",
            "OBJ_10",
            "OBJ_26"
         );
         name = "Sources";
         path = "";
         sourceTree = "SOURCE_ROOT";
      };
      "OBJ_70" = {
         isa = "PBXFileReference";
         path = "Logger.swift";
         sourceTree = "<group>";
      };
      "OBJ_71" = {
         isa = "PBXFileReference";
         path = "Manager.swift";
         sourceTree = "<group>";
      };
      "OBJ_72" = {
         isa = "PBXFileReference";
         path = "NSLogHandler.swift";
         sourceTree = "<group>";
      };
      "OBJ_73" = {
         isa = "PBXFileReference";
         path = "OSLogHandler.swift";
         sourceTree = "<group>";
      };
      "OBJ_74" = {
         isa = "PBXFileReference";
         path = "PrintHandler.swift";
         sourceTree = "<group>";
      };
      "OBJ_75" = {
         isa = "PBXGroup";
         children = (
         );
         name = "Example";
         path = ".build/checkouts/Logger--8840945851009337956/Sources/Example";
         sourceTree = "SOURCE_ROOT";
      };
      "OBJ_76" = {
         isa = "PBXFileReference";
         explicitFileType = "sourcecode.swift";
         name = "Package.swift";
         path = "/Users/sam/.local/share/xpkg/code/.build/checkouts/Logger--8840945851009337956/Package.swift";
         sourceTree = "<group>";
      };
      "OBJ_77" = {
         isa = "PBXGroup";
         children = (
            "XPkg::XPkgTests::Product",
            "XPkg::Configure::Product",
            "Logger::Logger::Product",
            "XPkg::XPkg::Product",
            "Runner::Runner::Product",
            "Arguments::Arguments::Product",
            "BuilderConfiguration::BuilderConfiguration::Product",
            "Docopt::Docopt::Product",
            "XPkg::XPkgCommand::Product"
         );
         name = "Products";
         path = "";
         sourceTree = "BUILT_PRODUCTS_DIR";
      };
      "OBJ_8" = {
         isa = "PBXGroup";
         children = (
            "OBJ_9"
         );
         name = "Configure";
         path = "Sources/Configure";
         sourceTree = "SOURCE_ROOT";
      };
      "OBJ_88" = {
         isa = "XCConfigurationList";
         buildConfigurations = (
            "OBJ_89",
            "OBJ_90"
         );
         defaultConfigurationIsVisible = "0";
         defaultConfigurationName = "Release";
      };
      "OBJ_89" = {
         isa = "XCBuildConfiguration";
         buildSettings = {
            ENABLE_TESTABILITY = "YES";
            FRAMEWORK_SEARCH_PATHS = (
               "$(inherited)",
               "$(PLATFORM_DIR)/Developer/Library/Frameworks"
            );
            HEADER_SEARCH_PATHS = (
               "$(inherited)"
            );
            INFOPLIST_FILE = "XPkg.xcodeproj/Arguments_Info.plist";
            LD_RUNPATH_SEARCH_PATHS = (
               "$(inherited)",
               "$(TOOLCHAIN_DIR)/usr/lib/swift/macosx"
            );
            OTHER_CFLAGS = (
               "$(inherited)"
            );
            OTHER_LDFLAGS = (
               "$(inherited)"
            );
            OTHER_SWIFT_FLAGS = (
               "$(inherited)"
            );
            PRODUCT_BUNDLE_IDENTIFIER = "Arguments";
            PRODUCT_MODULE_NAME = "$(TARGET_NAME:c99extidentifier)";
            PRODUCT_NAME = "$(TARGET_NAME:c99extidentifier)";
            SKIP_INSTALL = "YES";
            SWIFT_ACTIVE_COMPILATION_CONDITIONS = (
               "$(inherited)"
            );
            SWIFT_VERSION = "4.2";
            TARGET_NAME = "Arguments";
         };
         name = "Debug";
      };
      "OBJ_9" = {
         isa = "PBXFileReference";
         path = "main.swift";
         sourceTree = "<group>";
      };
      "OBJ_90" = {
         isa = "XCBuildConfiguration";
         buildSettings = {
            ENABLE_TESTABILITY = "YES";
            FRAMEWORK_SEARCH_PATHS = (
               "$(inherited)",
               "$(PLATFORM_DIR)/Developer/Library/Frameworks"
            );
            HEADER_SEARCH_PATHS = (
               "$(inherited)"
            );
            INFOPLIST_FILE = "XPkg.xcodeproj/Arguments_Info.plist";
            LD_RUNPATH_SEARCH_PATHS = (
               "$(inherited)",
               "$(TOOLCHAIN_DIR)/usr/lib/swift/macosx"
            );
            OTHER_CFLAGS = (
               "$(inherited)"
            );
            OTHER_LDFLAGS = (
               "$(inherited)"
            );
            OTHER_SWIFT_FLAGS = (
               "$(inherited)"
            );
            PRODUCT_BUNDLE_IDENTIFIER = "Arguments";
            PRODUCT_MODULE_NAME = "$(TARGET_NAME:c99extidentifier)";
            PRODUCT_NAME = "$(TARGET_NAME:c99extidentifier)";
            SKIP_INSTALL = "YES";
            SWIFT_ACTIVE_COMPILATION_CONDITIONS = (
               "$(inherited)"
            );
            SWIFT_VERSION = "4.2";
            TARGET_NAME = "Arguments";
         };
         name = "Release";
      };
      "OBJ_91" = {
         isa = "PBXSourcesBuildPhase";
         files = (
            "OBJ_92"
         );
      };
      "OBJ_92" = {
         isa = "PBXBuildFile";
         fileRef = "OBJ_40";
      };
      "OBJ_93" = {
         isa = "PBXFrameworksBuildPhase";
         files = (
            "OBJ_94",
            "OBJ_95"
         );
      };
      "OBJ_94" = {
         isa = "PBXBuildFile";
         fileRef = "Logger::Logger::Product";
      };
      "OBJ_95" = {
         isa = "PBXBuildFile";
         fileRef = "Docopt::Docopt::Product";
      };
      "OBJ_96" = {
         isa = "PBXTargetDependency";
         target = "Logger::Logger";
      };
      "OBJ_98" = {
         isa = "PBXTargetDependency";
         target = "Docopt::Docopt";
      };
      "Runner::Runner" = {
         isa = "PBXNativeTarget";
         buildConfigurationList = "OBJ_175";
         buildPhases = (
            "OBJ_178",
            "OBJ_180"
         );
         dependencies = (
         );
         name = "Runner";
         productName = "Runner";
         productReference = "Runner::Runner::Product";
         productType = "com.apple.product-type.framework";
      };
      "Runner::Runner::Product" = {
         isa = "PBXFileReference";
         path = "Runner.framework";
         sourceTree = "BUILT_PRODUCTS_DIR";
      };
      "Runner::SwiftPMPackageDescription" = {
         isa = "PBXNativeTarget";
         buildConfigurationList = "OBJ_182";
         buildPhases = (
            "OBJ_185"
         );
         dependencies = (
         );
         name = "RunnerPackageDescription";
         productName = "RunnerPackageDescription";
         productType = "com.apple.product-type.framework";
      };
      "XPkg::Configure" = {
         isa = "PBXNativeTarget";
         buildConfigurationList = "OBJ_122";
         buildPhases = (
            "OBJ_125",
            "OBJ_127"
         );
         dependencies = (
            "OBJ_129"
         );
         name = "Configure";
         productName = "Configure";
         productReference = "XPkg::Configure::Product";
         productType = "com.apple.product-type.tool";
      };
      "XPkg::Configure::Product" = {
         isa = "PBXFileReference";
         path = "Configure";
         sourceTree = "BUILT_PRODUCTS_DIR";
      };
      "XPkg::SwiftPMPackageDescription" = {
         isa = "PBXNativeTarget";
         buildConfigurationList = "OBJ_235";
         buildPhases = (
            "OBJ_238"
         );
         dependencies = (
         );
         name = "XPkgPackageDescription";
         productName = "XPkgPackageDescription";
         productType = "com.apple.product-type.framework";
      };
      "XPkg::XPkg" = {
         isa = "PBXNativeTarget";
         buildConfigurationList = "OBJ_188";
         buildPhases = (
            "OBJ_191",
            "OBJ_207"
         );
         dependencies = (
            "OBJ_212",
            "OBJ_213",
            "OBJ_214",
            "OBJ_215"
         );
         name = "XPkg";
         productName = "XPkg";
         productReference = "XPkg::XPkg::Product";
         productType = "com.apple.product-type.framework";
      };
      "XPkg::XPkg::Product" = {
         isa = "PBXFileReference";
         path = "XPkg.framework";
         sourceTree = "BUILT_PRODUCTS_DIR";
      };
      "XPkg::XPkgCommand" = {
         isa = "PBXNativeTarget";
         buildConfigurationList = "OBJ_217";
         buildPhases = (
            "OBJ_220",
            "OBJ_223"
         );
         dependencies = (
            "OBJ_229",
            "OBJ_230",
            "OBJ_231",
            "OBJ_232",
            "OBJ_233"
         );
         name = "XPkgCommand";
         productName = "XPkgCommand";
         productReference = "XPkg::XPkgCommand::Product";
         productType = "com.apple.product-type.tool";
      };
      "XPkg::XPkgCommand::Product" = {
         isa = "PBXFileReference";
         path = "XPkgCommand";
         sourceTree = "BUILT_PRODUCTS_DIR";
      };
      "XPkg::XPkgPackageTests::ProductTarget" = {
         isa = "PBXAggregateTarget";
         buildConfigurationList = "OBJ_241";
         buildPhases = (
         );
         dependencies = (
            "OBJ_244"
         );
         name = "XPkgPackageTests";
         productName = "XPkgPackageTests";
      };
      "XPkg::XPkgTests" = {
         isa = "PBXNativeTarget";
         buildConfigurationList = "OBJ_246";
         buildPhases = (
            "OBJ_249",
            "OBJ_251"
         );
         dependencies = (
            "OBJ_257",
            "OBJ_258",
            "OBJ_259",
            "OBJ_260",
            "OBJ_261",
            "OBJ_262"
         );
         name = "XPkgTests";
         productName = "XPkgTests";
         productReference = "XPkg::XPkgTests::Product";
         productType = "com.apple.product-type.bundle.unit-test";
      };
      "XPkg::XPkgTests::Product" = {
         isa = "PBXFileReference";
         path = "XPkgTests.xctest";
         sourceTree = "BUILT_PRODUCTS_DIR";
      };
      "XPkg::xpkg::ProductTarget" = {
         isa = "PBXAggregateTarget";
         buildConfigurationList = "OBJ_264";
         buildPhases = (
         );
         dependencies = (
            "OBJ_267"
         );
         name = "xpkg";
         productName = "xpkg";
      };
   };
   rootObject = "OBJ_1";
}
